
Microsoft Visual Studio Solution File, Format Version 12.00
# Visual Studio Version 16
VisualStudioVersion = 16.0.29911.84
MinimumVisualStudioVersion = 10.0.40219.1
Project("{FAE04EC0-301F-11D3-BF4B-00C04F79EFBC}") = "Polimorfismo_Exercicio", "Polimorfismo_Exercicio\Polimorfismo_Exercicio.csproj", "{DE66F404-1B0C-40AE-9987-6C8B6E3AC5B8}"
EndProject
Global
	GlobalSection(SolutionConfigurationPlatforms) = preSolution
		Debug|Any CPU = Debug|Any CPU
		Release|Any CPU = Release|Any CPU
	EndGlobalSection
	GlobalSection(ProjectConfigurationPlatforms) = postSolution
		{DE66F404-1B0C-40AE-9987-6C8B6E3AC5B8}.Debug|Any CPU.ActiveCfg = Debug|Any CPU
		{DE66F404-1B0C-40AE-9987-6C8B6E3AC5B8}.Debug|Any CPU.Build.0 = Debug|Any CPU
		{DE66F404-1B0C-40AE-9987-6C8B6E3AC5B8}.Release|Any CPU.ActiveCfg = Release|Any CPU
		{DE66F404-1B0C-40AE-9987-6C8B6E3AC5B8}.Release|Any CPU.Build.0 = Release|Any CPU
	EndGlobalSection
	GlobalSection(SolutionProperties) = preSolution
		HideSolutionNode = FALSE
	EndGlobalSection
	GlobalSection(ExtensibilityGlobals) = postSolution
		SolutionGuid = {EE9772B8-5732-49CD-A73B-C5DF39D87868}
	EndGlobalSection
EndGlobal
